dependencies:
  button:
    component_hash: b4591caffa3193bfa0e3b4918d0e336f25d3422e32ac20b3cf85ff15b43617b9
    dependencies: []
    source:
      git: git@github.com:mianos/mianesp.git
      path: components/button
      type: git
    version: 4efb1f72946d9ee0f80e85ee80674c8cb7f4e999
  idf:
    source:
      type: idf
    version: 5.3.0
  jsonwrapper:
    component_hash: e9794f8edc902d5bc3e61ac4cf17f505e4ffbf3dfd812ce26e545025afe81d57
    dependencies: []
    source:
      git: git@github.com:mianos/mianesp.git
      path: components/jsonwrapper
      type: git
    version: 4efb1f72946d9ee0f80e85ee80674c8cb7f4e999
  nvsstoragemanager:
    component_hash: cef848bc7e88b7a257c369d448b0c1026e37d006703c384db9f1b7a4ef67ffae
    dependencies: []
    source:
      git: git@github.com:mianos/mianesp.git
      path: components/nvsstoragemanager
      type: git
    version: 4efb1f72946d9ee0f80e85ee80674c8cb7f4e999
  stepper_driver:
    component_hash: c314b8147a440fdd68e2335c28daffa6568e107646fe2fbe306f9c2d0eb98576
    dependencies: []
    source:
      git: https://github.com/mianos/ESP32-TMC2208-UART-Component.git
      path: components/stepper_driver
      type: git
    version: 7086fa0a16c06b3eb53cc58cda706adb7fe1742d
  webserver:
    component_hash: b6e136937c1a2e265510b0740ee1f81b353aecc880e41bbf917b47126b968bbd
    dependencies:
    - git: git@github.com:mianos/mianesp.git
      name: wifimanager
      path: components/wifimanager
      version: main
    - git: git@github.com:mianos/mianesp.git
      name: jsonwrapper
      path: components/jsonwrapper
      version: main
    - git: git@github.com:mianos/mianesp.git
      name: nvsstoragemanager
      path: components/nvsstoragemanager
      version: main
    - git: git@github.com:mianos/mianesp.git
      name: button
      path: components/button
      version: main
    source:
      git: git@github.com:mianos/mianesp.git
      path: components/webserver
      type: git
    version: 4efb1f72946d9ee0f80e85ee80674c8cb7f4e999
  wifimanager:
    component_hash: 970c6fe0713c99962145e6c68d5ce525e8ce3c7e77eaa5210875b06a3521ffce
    dependencies: []
    source:
      git: git@github.com:mianos/mianesp.git
      path: components/wifimanager
      type: git
    version: 4efb1f72946d9ee0f80e85ee80674c8cb7f4e999
direct_dependencies:
- button
- idf
- jsonwrapper
- nvsstoragemanager
- stepper_driver
- webserver
- wifimanager
manifest_hash: 5614e9b7098a0cda4fc1d049205824a70dda37bcdabd07af9db90174a81cd3c0
target: esp32
version: 2.0.0
